
Microsoft Visual Studio Solution File, Format Version 12.00
# Visual Studio Version 17
VisualStudioVersion = 17.4.33213.308
MinimumVisualStudioVersion = 10.0.40219.1
Project("{FAE04EC0-301F-11D3-BF4B-00C04F79EFBC}") = "SS1314CarWashing", "SS1314CarWashing\SS1314CarWashing.csproj", "{1CFD3666-6126-4683-B62D-1DE15A2E59C1}"
EndProject
Global
	GlobalSection(SolutionConfigurationPlatforms) = preSolution
		Debug|Any CPU = Debug|Any CPU
		Release|Any CPU = Release|Any CPU
	EndGlobalSection
	GlobalSection(ProjectConfigurationPlatforms) = postSolution
		{1CFD3666-6126-4683-B62D-1DE15A2E59C1}.Debug|Any CPU.ActiveCfg = Debug|Any CPU
		{1CFD3666-6126-4683-B62D-1DE15A2E59C1}.Debug|Any CPU.Build.0 = Debug|Any CPU
		{1CFD3666-6126-4683-B62D-1DE15A2E59C1}.Release|Any CPU.ActiveCfg = Release|Any CPU
		{1CFD3666-6126-4683-B62D-1DE15A2E59C1}.Release|Any CPU.Build.0 = Release|Any CPU
	EndGlobalSection
	GlobalSection(SolutionProperties) = preSolution
		HideSolutionNode = FALSE
	EndGlobalSection
	GlobalSection(ExtensibilityGlobals) = postSolution
		SolutionGuid = {B2535317-748B-4742-B6ED-95E4B211FE1B}
	EndGlobalSection
EndGlobal
